
Microsoft Visual Studio Solution File, Format Version 11.00
# Visual Studio 2010
Project("{FAE04EC0-301F-11D3-BF4B-00C04F79EFBC}") = "WebSite", "WebSite\WebSite.csproj", "{B9C90A36-86C0-4974-B0B4-3524F508D847}"
EndProject
Project("{FAE04EC0-301F-11D3-BF4B-00C04F79EFBC}") = "Thinktecture.IdentityServer.Core", "..\Libraries\Thinktecture.IdentityServer.Core\Thinktecture.IdentityServer.Core.csproj", "{38CE5C59-909E-4DA6-8E1D-7EEE7312CA9A}"
EndProject
Project("{2150E333-8FDC-42A3-9474-1A3956D46DE8}") = "Solution Items", "Solution Items", "{052789EB-BFB0-48B7-A5D2-F890FF3608CA}"
	ProjectSection(SolutionItems) = preProject
		Local.testsettings = Local.testsettings
		Thinktecture.IdentityServer.vsmdi = Thinktecture.IdentityServer.vsmdi
		TraceAndTestImpact.testsettings = TraceAndTestImpact.testsettings
	EndProjectSection
EndProject
Project("{FAE04EC0-301F-11D3-BF4B-00C04F79EFBC}") = "Thinktecture.IdentityServer.Core.Repositories", "..\Libraries\Thinktecture.IdentityServer.Core.Repositories\Thinktecture.IdentityServer.Core.Repositories.csproj", "{9658F86F-3059-4731-9EB0-5F67A4FF1A8A}"
EndProject
Project("{FAE04EC0-301F-11D3-BF4B-00C04F79EFBC}") = "Thinktecture.IdentityServer.Web.Library", "..\Libraries\Thinktecture.IdentityServer.Web.Library\Thinktecture.IdentityServer.Web.Library.csproj", "{FC2D7E2A-65A2-480F-AAE8-855FD026AF85}"
EndProject
Project("{2150E333-8FDC-42A3-9474-1A3956D46DE8}") = "Libaries", "Libaries", "{2C19FF9A-AD66-4483-A787-05F22BB8B5EA}"
EndProject
Project("{FAE04EC0-301F-11D3-BF4B-00C04F79EFBC}") = "Tests", "..\Tests\Tests.csproj", "{7392F6F9-9723-4E1F-A0C4-7F6340E5CAAF}"
EndProject
Project("{2150E333-8FDC-42A3-9474-1A3956D46DE8}") = "Tests", "Tests", "{37144EFB-AB32-4CCA-B6B4-F0494D00681B}"
EndProject
Global
	GlobalSection(TestCaseManagementSettings) = postSolution
		CategoryFile = Thinktecture.IdentityServer.vsmdi
	EndGlobalSection
	GlobalSection(SolutionConfigurationPlatforms) = preSolution
		Debug|Any CPU = Debug|Any CPU
		Debug|Mixed Platforms = Debug|Mixed Platforms
		Debug|x86 = Debug|x86
		Release|Any CPU = Release|Any CPU
		Release|Mixed Platforms = Release|Mixed Platforms
		Release|x86 = Release|x86
	EndGlobalSection
	GlobalSection(ProjectConfigurationPlatforms) = postSolution
		{B9C90A36-86C0-4974-B0B4-3524F508D847}.Debug|Any CPU.ActiveCfg = Debug|Any CPU
		{B9C90A36-86C0-4974-B0B4-3524F508D847}.Debug|Any CPU.Build.0 = Debug|Any CPU
		{B9C90A36-86C0-4974-B0B4-3524F508D847}.Debug|Mixed Platforms.ActiveCfg = Debug|Any CPU
		{B9C90A36-86C0-4974-B0B4-3524F508D847}.Debug|Mixed Platforms.Build.0 = Debug|Any CPU
		{B9C90A36-86C0-4974-B0B4-3524F508D847}.Debug|x86.ActiveCfg = Debug|Any CPU
		{B9C90A36-86C0-4974-B0B4-3524F508D847}.Release|Any CPU.ActiveCfg = Release|Any CPU
		{B9C90A36-86C0-4974-B0B4-3524F508D847}.Release|Any CPU.Build.0 = Release|Any CPU
		{B9C90A36-86C0-4974-B0B4-3524F508D847}.Release|Mixed Platforms.ActiveCfg = Release|Any CPU
		{B9C90A36-86C0-4974-B0B4-3524F508D847}.Release|Mixed Platforms.Build.0 = Release|Any CPU
		{B9C90A36-86C0-4974-B0B4-3524F508D847}.Release|x86.ActiveCfg = Release|Any CPU
		{38CE5C59-909E-4DA6-8E1D-7EEE7312CA9A}.Debug|Any CPU.ActiveCfg = Debug|Any CPU
		{38CE5C59-909E-4DA6-8E1D-7EEE7312CA9A}.Debug|Any CPU.Build.0 = Debug|Any CPU
		{38CE5C59-909E-4DA6-8E1D-7EEE7312CA9A}.Debug|Mixed Platforms.ActiveCfg = Debug|Any CPU
		{38CE5C59-909E-4DA6-8E1D-7EEE7312CA9A}.Debug|Mixed Platforms.Build.0 = Debug|Any CPU
		{38CE5C59-909E-4DA6-8E1D-7EEE7312CA9A}.Debug|x86.ActiveCfg = Debug|Any CPU
		{38CE5C59-909E-4DA6-8E1D-7EEE7312CA9A}.Release|Any CPU.ActiveCfg = Release|Any CPU
		{38CE5C59-909E-4DA6-8E1D-7EEE7312CA9A}.Release|Any CPU.Build.0 = Release|Any CPU
		{38CE5C59-909E-4DA6-8E1D-7EEE7312CA9A}.Release|Mixed Platforms.ActiveCfg = Release|Any CPU
		{38CE5C59-909E-4DA6-8E1D-7EEE7312CA9A}.Release|Mixed Platforms.Build.0 = Release|Any CPU
		{38CE5C59-909E-4DA6-8E1D-7EEE7312CA9A}.Release|x86.ActiveCfg = Release|Any CPU
		{9658F86F-3059-4731-9EB0-5F67A4FF1A8A}.Debug|Any CPU.ActiveCfg = Debug|Any CPU
		{9658F86F-3059-4731-9EB0-5F67A4FF1A8A}.Debug|Any CPU.Build.0 = Debug|Any CPU
		{9658F86F-3059-4731-9EB0-5F67A4FF1A8A}.Debug|Mixed Platforms.ActiveCfg = Debug|Any CPU
		{9658F86F-3059-4731-9EB0-5F67A4FF1A8A}.Debug|Mixed Platforms.Build.0 = Debug|Any CPU
		{9658F86F-3059-4731-9EB0-5F67A4FF1A8A}.Debug|x86.ActiveCfg = Debug|Any CPU
		{9658F86F-3059-4731-9EB0-5F67A4FF1A8A}.Release|Any CPU.ActiveCfg = Release|Any CPU
		{9658F86F-3059-4731-9EB0-5F67A4FF1A8A}.Release|Any CPU.Build.0 = Release|Any CPU
		{9658F86F-3059-4731-9EB0-5F67A4FF1A8A}.Release|Mixed Platforms.ActiveCfg = Release|Any CPU
		{9658F86F-3059-4731-9EB0-5F67A4FF1A8A}.Release|Mixed Platforms.Build.0 = Release|Any CPU
		{9658F86F-3059-4731-9EB0-5F67A4FF1A8A}.Release|x86.ActiveCfg = Release|Any CPU
		{FC2D7E2A-65A2-480F-AAE8-855FD026AF85}.Debug|Any CPU.ActiveCfg = Debug|Any CPU
		{FC2D7E2A-65A2-480F-AAE8-855FD026AF85}.Debug|Any CPU.Build.0 = Debug|Any CPU
		{FC2D7E2A-65A2-480F-AAE8-855FD026AF85}.Debug|Mixed Platforms.ActiveCfg = Debug|Any CPU
		{FC2D7E2A-65A2-480F-AAE8-855FD026AF85}.Debug|Mixed Platforms.Build.0 = Debug|Any CPU
		{FC2D7E2A-65A2-480F-AAE8-855FD026AF85}.Debug|x86.ActiveCfg = Debug|Any CPU
		{FC2D7E2A-65A2-480F-AAE8-855FD026AF85}.Release|Any CPU.ActiveCfg = Release|Any CPU
		{FC2D7E2A-65A2-480F-AAE8-855FD026AF85}.Release|Any CPU.Build.0 = Release|Any CPU
		{FC2D7E2A-65A2-480F-AAE8-855FD026AF85}.Release|Mixed Platforms.ActiveCfg = Release|Any CPU
		{FC2D7E2A-65A2-480F-AAE8-855FD026AF85}.Release|Mixed Platforms.Build.0 = Release|Any CPU
		{FC2D7E2A-65A2-480F-AAE8-855FD026AF85}.Release|x86.ActiveCfg = Release|Any CPU
		{7392F6F9-9723-4E1F-A0C4-7F6340E5CAAF}.Debug|Any CPU.ActiveCfg = Debug|Any CPU
		{7392F6F9-9723-4E1F-A0C4-7F6340E5CAAF}.Debug|Any CPU.Build.0 = Debug|Any CPU
		{7392F6F9-9723-4E1F-A0C4-7F6340E5CAAF}.Debug|Mixed Platforms.ActiveCfg = Debug|Any CPU
		{7392F6F9-9723-4E1F-A0C4-7F6340E5CAAF}.Debug|Mixed Platforms.Build.0 = Debug|Any CPU
		{7392F6F9-9723-4E1F-A0C4-7F6340E5CAAF}.Debug|x86.ActiveCfg = Debug|Any CPU
		{7392F6F9-9723-4E1F-A0C4-7F6340E5CAAF}.Release|Any CPU.ActiveCfg = Release|Any CPU
		{7392F6F9-9723-4E1F-A0C4-7F6340E5CAAF}.Release|Any CPU.Build.0 = Release|Any CPU
		{7392F6F9-9723-4E1F-A0C4-7F6340E5CAAF}.Release|Mixed Platforms.ActiveCfg = Release|Any CPU
		{7392F6F9-9723-4E1F-A0C4-7F6340E5CAAF}.Release|Mixed Platforms.Build.0 = Release|Any CPU
		{7392F6F9-9723-4E1F-A0C4-7F6340E5CAAF}.Release|x86.ActiveCfg = Release|Any CPU
	EndGlobalSection
	GlobalSection(SolutionProperties) = preSolution
		HideSolutionNode = FALSE
	EndGlobalSection
	GlobalSection(NestedProjects) = preSolution
		{9658F86F-3059-4731-9EB0-5F67A4FF1A8A} = {2C19FF9A-AD66-4483-A787-05F22BB8B5EA}
		{FC2D7E2A-65A2-480F-AAE8-855FD026AF85} = {2C19FF9A-AD66-4483-A787-05F22BB8B5EA}
		{38CE5C59-909E-4DA6-8E1D-7EEE7312CA9A} = {2C19FF9A-AD66-4483-A787-05F22BB8B5EA}
		{7392F6F9-9723-4E1F-A0C4-7F6340E5CAAF} = {37144EFB-AB32-4CCA-B6B4-F0494D00681B}
	EndGlobalSection
EndGlobal
